// !$*UTF8*$!
{
	archiveVersion = 1;
	classes = {
	};
	objectVersion = 46;
	objects = {

/* Begin PBXBuildFile section */
		14EFC1E61C03F9AC003B4578 /* AppDelegate.swift in Sources */ = {isa = PBXBuildFile; fileRef = 14EFC1E51C03F9AC003B4578 /* AppDelegate.swift */; };
		14EFC1E81C03F9AC003B4578 /* ViewController.swift in Sources */ = {isa = PBXBuildFile; fileRef = 14EFC1E71C03F9AC003B4578 /* ViewController.swift */; };
		14EFC1EB1C03F9AC003B4578 /* Main.storyboard in Resources */ = {isa = PBXBuildFile; fileRef = 14EFC1E91C03F9AC003B4578 /* Main.storyboard */; };
		14EFC1EE1C03F9AC003B4578 /* AddressBook.xcdatamodeld in Sources */ = {isa = PBXBuildFile; fileRef = 14EFC1EC1C03F9AC003B4578 /* AddressBook.xcdatamodeld */; };
		14EFC1F01C03F9AC003B4578 /* Assets.xcassets in Resources */ = {isa = PBXBuildFile; fileRef = 14EFC1EF1C03F9AC003B4578 /* Assets.xcassets */; };
		14EFC1F31C03F9AC003B4578 /* LaunchScreen.storyboard in Resources */ = {isa = PBXBuildFile; fileRef = 14EFC1F11C03F9AC003B4578 /* LaunchScreen.storyboard */; };
		14EFC1FE1C03F9AC003B4578 /* AddressBookTests.swift in Sources */ = {isa = PBXBuildFile; fileRef = 14EFC1FD1C03F9AC003B4578 /* AddressBookTests.swift */; };
		14EFC2091C04027F003B4578 /* FirstTableViewController.swift in Sources */ = {isa = PBXBuildFile; fileRef = 14EFC2081C04027F003B4578 /* FirstTableViewController.swift */; settings = {ASSET_TAGS = (); }; };
		14EFC20B1C040292003B4578 /* CustomTableViewCell.swift in Sources */ = {isa = PBXBuildFile; fileRef = 14EFC20A1C040292003B4578 /* CustomTableViewCell.swift */; settings = {ASSET_TAGS = (); }; };
		14EFC20F1C043BDC003B4578 /* DetailVc.swift in Sources */ = {isa = PBXBuildFile; fileRef = 14EFC20E1C043BDC003B4578 /* DetailVc.swift */; settings = {ASSET_TAGS = (); }; };
		14EFC2181C044ADF003B4578 /* CoreDataManger.swift in Sources */ = {isa = PBXBuildFile; fileRef = 14EFC2171C044ADF003B4578 /* CoreDataManger.swift */; settings = {ASSET_TAGS = (); }; };
		14F026171C056DC80049950D /* contactMo+CoreDataProperties.swift in Sources */ = {isa = PBXBuildFile; fileRef = 14F026151C056DC80049950D /* contactMo+CoreDataProperties.swift */; settings = {ASSET_TAGS = (); }; };
		14F026181C056DC80049950D /* contactMo.swift in Sources */ = {isa = PBXBuildFile; fileRef = 14F026161C056DC80049950D /* contactMo.swift */; settings = {ASSET_TAGS = (); }; };
/* End PBXBuildFile section */

/* Begin PBXContainerItemProxy section */
		14EFC1FA1C03F9AC003B4578 /* PBXContainerItemProxy */ = {
			isa = PBXContainerItemProxy;
			containerPortal = 14EFC1DA1C03F9AC003B4578 /* Project object */;
			proxyType = 1;
			remoteGlobalIDString = 14EFC1E11C03F9AC003B4578;
			remoteInfo = AddressBook;
		};
/* End PBXContainerItemProxy section */

/* Begin PBXFileReference section */
		14EFC1E21C03F9AC003B4578 /* AddressBook.app */ = {isa = PBXFileReference; explicitFileType = wrapper.application; includeInIndex = 0; path = AddressBook.app; sourceTree = BUILT_PRODUCTS_DIR; };
		14EFC1E51C03F9AC003B4578 /* AppDelegate.swift */ = {isa = PBXFileReference; lastKnownFileType = sourcecode.swift; path = AppDelegate.swift; sourceTree = "<group>"; };
		14EFC1E71C03F9AC003B4578 /* ViewController.swift */ = {isa = PBXFileReference; lastKnownFileType = sourcecode.swift; path = ViewController.swift; sourceTree = "<group>"; };
		14EFC1EA1C03F9AC003B4578 /* Base */ = {isa = PBXFileReference; lastKnownFileType = file.storyboard; name = Base; path = Base.lproj/Main.storyboard; sourceTree = "<group>"; };
		14EFC1ED1C03F9AC003B4578 /* AddressBook.xcdatamodel */ = {isa = PBXFileReference; lastKnownFileType = wrapper.xcdatamodel; path = AddressBook.xcdatamodel; sourceTree = "<group>"; };
		14EFC1EF1C03F9AC003B4578 /* Assets.xcassets */ = {isa = PBXFileReference; lastKnownFileType = folder.assetcatalog; path = Assets.xcassets; sourceTree = "<group>"; };
		14EFC1F21C03F9AC003B4578 /* Base */ = {isa = PBXFileReference; lastKnownFileType = file.storyboard; name = Base; path = Base.lproj/LaunchScreen.storyboard; sourceTree = "<group>"; };
		14EFC1F41C03F9AC003B4578 /* Info.plist */ = {isa = PBXFileReference; lastKnownFileType = text.plist.xml; path = Info.plist; sourceTree = "<group>"; };
		14EFC1F91C03F9AC003B4578 /* AddressBookTests.xctest */ = {isa = PBXFileReference; explicitFileType = wrapper.cfbundle; includeInIndex = 0; path = AddressBookTests.xctest; sourceTree = BUILT_PRODUCTS_DIR; };
		14EFC1FD1C03F9AC003B4578 /* AddressBookTests.swift */ = {isa = PBXFileReference; lastKnownFileType = sourcecode.swift; path = AddressBookTests.swift; sourceTree = "<group>"; };
		14EFC1FF1C03F9AC003B4578 /* Info.plist */ = {isa = PBXFileReference; lastKnownFileType = text.plist.xml; path = Info.plist; sourceTree = "<group>"; };
		14EFC2081C04027F003B4578 /* FirstTableViewController.swift */ = {isa = PBXFileReference; fileEncoding = 4; lastKnownFileType = sourcecode.swift; path = FirstTableViewController.swift; sourceTree = "<group>"; };
		14EFC20A1C040292003B4578 /* CustomTableViewCell.swift */ = {isa = PBXFileReference; fileEncoding = 4; lastKnownFileType = sourcecode.swift; path = CustomTableViewCell.swift; sourceTree = "<group>"; };
		14EFC20E1C043BDC003B4578 /* DetailVc.swift */ = {isa = PBXFileReference; fileEncoding = 4; lastKnownFileType = sourcecode.swift; path = DetailVc.swift; sourceTree = "<group>"; };
		14EFC2101C0447D2003B4578 /* AddressBook-Bridging-Header.h */ = {isa = PBXFileReference; lastKnownFileType = sourcecode.c.h; path = "AddressBook-Bridging-Header.h"; sourceTree = "<group>"; };
		14EFC2171C044ADF003B4578 /* CoreDataManger.swift */ = {isa = PBXFileReference; fileEncoding = 4; lastKnownFileType = sourcecode.swift; path = CoreDataManger.swift; sourceTree = "<group>"; };
		14F026151C056DC80049950D /* contactMo+CoreDataProperties.swift */ = {isa = PBXFileReference; fileEncoding = 4; lastKnownFileType = sourcecode.swift; name = "contactMo+CoreDataProperties.swift"; path = "../contactMo+CoreDataProperties.swift"; sourceTree = "<group>"; };
		14F026161C056DC80049950D /* contactMo.swift */ = {isa = PBXFileReference; fileEncoding = 4; lastKnownFileType = sourcecode.swift; name = contactMo.swift; path = ../contactMo.swift; sourceTree = "<group>"; };
/* End PBXFileReference section */

/* Begin PBXFrameworksBuildPhase section */
		14EFC1DF1C03F9AC003B4578 /* Frameworks */ = {
			isa = PBXFrameworksBuildPhase;
			buildActionMask = 2147483647;
			files = (
			);
			runOnlyForDeploymentPostprocessing = 0;
		};
		14EFC1F61C03F9AC003B4578 /* Frameworks */ = {
			isa = PBXFrameworksBuildPhase;
			buildActionMask = 2147483647;
			files = (
			);
			runOnlyForDeploymentPostprocessing = 0;
		};
/* End PBXFrameworksBuildPhase section */

/* Begin PBXGroup section */
		14EFC1D91C03F9AC003B4578 = {
			isa = PBXGroup;
			children = (
				14EFC1E41C03F9AC003B4578 /* AddressBook */,
				14EFC1FC1C03F9AC003B4578 /* AddressBookTests */,
				14EFC1E31C03F9AC003B4578 /* Products */,
				14EFC2101C0447D2003B4578 /* AddressBook-Bridging-Header.h */,
			);
			sourceTree = "<group>";
		};
		14EFC1E31C03F9AC003B4578 /* Products */ = {
			isa = PBXGroup;
			children = (
				14EFC1E21C03F9AC003B4578 /* AddressBook.app */,
				14EFC1F91C03F9AC003B4578 /* AddressBookTests.xctest */,
			);
			name = Products;
			sourceTree = "<group>";
		};
		14EFC1E41C03F9AC003B4578 /* AddressBook */ = {
			isa = PBXGroup;
			children = (
				14EFC1E51C03F9AC003B4578 /* AppDelegate.swift */,
				14EFC1E71C03F9AC003B4578 /* ViewController.swift */,
				14EFC2081C04027F003B4578 /* FirstTableViewController.swift */,
				14EFC20E1C043BDC003B4578 /* DetailVc.swift */,
				14EFC20A1C040292003B4578 /* CustomTableViewCell.swift */,
				14EFC2171C044ADF003B4578 /* CoreDataManger.swift */,
				14F026151C056DC80049950D /* contactMo+CoreDataProperties.swift */,
				14F026161C056DC80049950D /* contactMo.swift */,
				14EFC1E91C03F9AC003B4578 /* Main.storyboard */,
				14EFC1EF1C03F9AC003B4578 /* Assets.xcassets */,
				14EFC1F11C03F9AC003B4578 /* LaunchScreen.storyboard */,
				14EFC1F41C03F9AC003B4578 /* Info.plist */,
				14EFC1EC1C03F9AC003B4578 /* AddressBook.xcdatamodeld */,
			);
			path = AddressBook;
			sourceTree = "<group>";
		};
		14EFC1FC1C03F9AC003B4578 /* AddressBookTests */ = {
			isa = PBXGroup;
			children = (
				14EFC1FD1C03F9AC003B4578 /* AddressBookTests.swift */,
				14EFC1FF1C03F9AC003B4578 /* Info.plist */,
			);
			path = AddressBookTests;
			sourceTree = "<group>";
		};
/* End PBXGroup section */

/* Begin PBXNativeTarget section */
		14EFC1E11C03F9AC003B4578 /* AddressBook */ = {
			isa = PBXNativeTarget;
			buildConfigurationList = 14EFC2021C03F9AC003B4578 /* Build configuration list for PBXNativeTarget "AddressBook" */;
			buildPhases = (
				14EFC1DE1C03F9AC003B4578 /* Sources */,
				14EFC1DF1C03F9AC003B4578 /* Frameworks */,
				14EFC1E01C03F9AC003B4578 /* Resources */,
			);
			buildRules = (
			);
			dependencies = (
			);
			name = AddressBook;
			productName = AddressBook;
			productReference = 14EFC1E21C03F9AC003B4578 /* AddressBook.app */;
			productType = "com.apple.product-type.application";
		};
		14EFC1F81C03F9AC003B4578 /* AddressBookTests */ = {
			isa = PBXNativeTarget;
			buildConfigurationList = 14EFC2051C03F9AC003B4578 /* Build configuration list for PBXNativeTarget "AddressBookTests" */;
			buildPhases = (
				14EFC1F51C03F9AC003B4578 /* Sources */,
				14EFC1F61C03F9AC003B4578 /* Frameworks */,
				14EFC1F71C03F9AC003B4578 /* Resources */,
			);
			buildRules = (
			);
			dependencies = (
				14EFC1FB1C03F9AC003B4578 /* PBXTargetDependency */,
			);
			name = AddressBookTests;
			productName = AddressBookTests;
			productReference = 14EFC1F91C03F9AC003B4578 /* AddressBookTests.xctest */;
			productType = "com.apple.product-type.bundle.unit-test";
		};
/* End PBXNativeTarget section */

/* Begin PBXProject section */
		14EFC1DA1C03F9AC003B4578 /* Project object */ = {
			isa = PBXProject;
			attributes = {
				LastSwiftUpdateCheck = 0700;
				LastUpgradeCheck = 0700;
				ORGANIZATIONNAME = Seven;
				TargetAttributes = {
					14EFC1E11C03F9AC003B4578 = {
						CreatedOnToolsVersion = 7.0;
					};
					14EFC1F81C03F9AC003B4578 = {
						CreatedOnToolsVersion = 7.0;
						TestTargetID = 14EFC1E11C03F9AC003B4578;
					};
				};
			};
			buildConfigurationList = 14EFC1DD1C03F9AC003B4578 /* Build configuration list for PBXProject "AddressBook" */;
			compatibilityVersion = "Xcode 3.2";
			developmentRegion = English;
			hasScannedForEncodings = 0;
			knownRegions = (
				en,
				Base,
			);
			mainGroup = 14EFC1D91C03F9AC003B4578;
			productRefGroup = 14EFC1E31C03F9AC003B4578 /* Products */;
			projectDirPath = "";
			projectRoot = "";
			targets = (
				14EFC1E11C03F9AC003B4578 /* AddressBook */,
				14EFC1F81C03F9AC003B4578 /* AddressBookTests */,
			);
		};
/* End PBXProject section */

/* Begin PBXResourcesBuildPhase section */
		14EFC1E01C03F9AC003B4578 /* Resources */ = {
			isa = PBXResourcesBuildPhase;
			buildActionMask = 2147483647;
			files = (
				14EFC1F31C03F9AC003B4578 /* LaunchScreen.storyboard in Resources */,
				14EFC1F01C03F9AC003B4578 /* Assets.xcassets in Resources */,
				14EFC1EB1C03F9AC003B4578 /* Main.storyboard in Resources */,
			);
			runOnlyForDeploymentPostprocessing = 0;
		};
		14EFC1F71C03F9AC003B4578 /* Resources */ = {
			isa = PBXResourcesBuildPhase;
			buildActionMask = 2147483647;
			files = (
			);
			runOnlyForDeploymentPostprocessing = 0;
		};
/* End PBXResourcesBuildPhase section */

/* Begin PBXSourcesBuildPhase section */
		14EFC1DE1C03F9AC003B4578 /* Sources */ = {
			isa = PBXSourcesBuildPhase;
			buildActionMask = 2147483647;
			files = (
				14F026181C056DC80049950D /* contactMo.swift in Sources */,
				14F026171C056DC80049950D /* contactMo+CoreDataProperties.swift in Sources */,
				14EFC2091C04027F003B4578 /* FirstTableViewController.swift in Sources */,
				14EFC2181C044ADF003B4578 /* CoreDataManger.swift in Sources */,
				14EFC20F1C043BDC003B4578 /* DetailVc.swift in Sources */,
				14EFC20B1C040292003B4578 /* CustomTableViewCell.swift in Sources */,
				14EFC1EE1C03F9AC003B4578 /* AddressBook.xcdatamodeld in Sources */,
				14EFC1E81C03F9AC003B4578 /* ViewController.swift in Sources */,
				14EFC1E61C03F9AC003B4578 /* AppDelegate.swift in Sources */,
			);
			runOnlyForDeploymentPostprocessing = 0;
		};
		14EFC1F51C03F9AC003B4578 /* Sources */ = {
			isa = PBXSourcesBuildPhase;
			buildActionMask = 2147483647;
			files = (
				14EFC1FE1C03F9AC003B4578 /* AddressBookTests.swift in Sources */,
			);
			runOnlyForDeploymentPostprocessing = 0;
		};
/* End PBXSourcesBuildPhase section */

/* Begin PBXTargetDependency section */
		14EFC1FB1C03F9AC003B4578 /* PBXTargetDependency */ = {
			isa = PBXTargetDependency;
			target = 14EFC1E11C03F9AC003B4578 /* AddressBook */;
			targetProxy = 14EFC1FA1C03F9AC003B4578 /* PBXContainerItemProxy */;
		};
/* End PBXTargetDependency section */

/* Begin PBXVariantGroup section */
		14EFC1E91C03F9AC003B4578 /* Main.storyboard */ = {
			isa = PBXVariantGroup;
			children = (
				14EFC1EA1C03F9AC003B4578 /* Base */,
			);
			name = Main.storyboard;
			sourceTree = "<group>";
		};
		14EFC1F11C03F9AC003B4578 /* LaunchScreen.storyboard */ = {
			isa = PBXVariantGroup;
			children = (
				14EFC1F21C03F9AC003B4578 /* Base */,
			);
			name = LaunchScreen.storyboard;
			sourceTree = "<group>";
		};
/* End PBXVariantGroup section */

/* Begin XCBuildConfiguration section */
		14EFC2001C03F9AC003B4578 /* Debug */ = {
			isa = XCBuildConfiguration;
			buildSettings = {
				ALWAYS_SEARCH_USER_PATHS = NO;
				CLANG_CXX_LANGUAGE_STANDARD = "gnu++0x";
				CLANG_CXX_LIBRARY = "libc++";
				CLANG_ENABLE_MODULES = YES;
				CLANG_ENABLE_OBJC_ARC = YES;
				CLANG_WARN_BOOL_CONVERSION = YES;
				CLANG_WARN_CONSTANT_CONVERSION = YES;
				CLANG_WARN_DIRECT_OBJC_ISA_USAGE = YES_ERROR;
				CLANG_WARN_EMPTY_BODY = YES;
				CLANG_WARN_ENUM_CONVERSION = YES;
				CLANG_WARN_INT_CONVERSION = YES;
				CLANG_WARN_OBJC_ROOT_CLASS = YES_ERROR;
				CLANG_WARN_UNREACHABLE_CODE = YES;
				CLANG_WARN__DUPLICATE_METHOD_MATCH = YES;
				"CODE_SIGN_IDENTITY[sdk=iphoneos*]" = "iPhone Developer";
				COPY_PHASE_STRIP = NO;
				DEBUG_INFORMATION_FORMAT = dwarf;
				ENABLE_STRICT_OBJC_MSGSEND = YES;
				ENABLE_TESTABILITY = YES;
				GCC_C_LANGUAGE_STANDARD = gnu99;
				GCC_DYNAMIC_NO_PIC = NO;
				GCC_NO_COMMON_BLOCKS = YES;
				GCC_OPTIMIZATION_LEVEL = 0;
				GCC_PREPROCESSOR_DEFINITIONS = (
					"DEBUG=1",
					"$(inherited)",
				);
				GCC_WARN_64_TO_32_BIT_CONVERSION = YES;
				GCC_WARN_ABOUT_RETURN_TYPE = YES_ERROR;
				GCC_WARN_UNDECLARED_SELECTOR = YES;
				GCC_WARN_UNINITIALIZED_AUTOS = YES_AGGRESSIVE;
				GCC_WARN_UNUSED_FUNCTION = YES;
				GCC_WARN_UNUSED_VARIABLE = YES;
				IPHONEOS_DEPLOYMENT_TARGET = 9.0;
				MTL_ENABLE_DEBUG_INFO = YES;
				ONLY_ACTIVE_ARCH = YES;
				SDKROOT = iphoneos;
				SWIFT_OPTIMIZATION_LEVEL = "-Onone";
				TARGETED_DEVICE_FAMILY = "1,2";
			};
			name = Debug;
		};
		14EFC2011C03F9AC003B4578 /* Release */ = {
			isa = XCBuildConfiguration;
			buildSettings = {
				ALWAYS_SEARCH_USER_PATHS = NO;
				CLANG_CXX_LANGUAGE_STANDARD = "gnu++0x";
				CLANG_CXX_LIBRARY = "libc++";
				CLANG_ENABLE_MODULES = YES;
				CLANG_ENABLE_OBJC_ARC = YES;
				CLANG_WARN_BOOL_CONVERSION = YES;
				CLANG_WARN_CONSTANT_CONVERSION = YES;
				CLANG_WARN_DIRECT_OBJC_ISA_USAGE = YES_ERROR;
				CLANG_WARN_EMPTY_BODY = YES;
				CLANG_WARN_ENUM_CONVERSION = YES;
				CLANG_WARN_INT_CONVERSION = YES;
				CLANG_WARN_OBJC_ROOT_CLASS = YES_ERROR;
				CLANG_WARN_UNREACHABLE_CODE = YES;
				CLANG_WARN__DUPLICATE_METHOD_MATCH = YES;
				"CODE_SIGN_IDENTITY[sdk=iphoneos*]" = "iPhone Developer";
				COPY_PHASE_STRIP = NO;
				DEBUG_INFORMATION_FORMAT = "dwarf-with-dsym";
				ENABLE_NS_ASSERTIONS = NO;
				ENABLE_STRICT_OBJC_MSGSEND = YES;
				GCC_C_LANGUAGE_STANDARD = gnu99;
				GCC_NO_COMMON_BLOCKS = YES;
				GCC_WARN_64_TO_32_BIT_CONVERSION = YES;
				GCC_WARN_ABOUT_RETURN_TYPE = YES_ERROR;
				GCC_WARN_UNDECLARED_SELECTOR = YES;
				GCC_WARN_UNINITIALIZED_AUTOS = YES_AGGRESSIVE;
				GCC_WARN_UNUSED_FUNCTION = YES;
				GCC_WARN_UNUSED_VARIABLE = YES;
				IPHONEOS_DEPLOYMENT_TARGET = 9.0;
				MTL_ENABLE_DEBUG_INFO = NO;
				SDKROOT = iphoneos;
				TARGETED_DEVICE_FAMILY = "1,2";
				VALIDATE_PRODUCT = YES;
			};
			name = Release;
		};
		14EFC2031C03F9AC003B4578 /* Debug */ = {
			isa = XCBuildConfiguration;
			buildSettings = {
				ASSETCATALOG_COMPILER_APPICON_NAME = AppIcon;
				CLANG_ENABLE_MODULES = YES;
				INFOPLIST_FILE = AddressBook/Info.plist;
				LD_RUNPATH_SEARCH_PATHS = "$(inherited) @executable_path/Frameworks";
				PRODUCT_BUNDLE_IDENTIFIER = SF.AddressBook;
				PRODUCT_NAME = "$(TARGET_NAME)";
				SWIFT_OBJC_BRIDGING_HEADER = "AddressBook-Bridging-Header.h";
				SWIFT_OPTIMIZATION_LEVEL = "-Onone";
			};
			name = Debug;
		};
		14EFC2041C03F9AC003B4578 /* Release */ = {
			isa = XCBuildConfiguration;
			buildSettings = {
				ASSETCATALOG_COMPILER_APPICON_NAME = AppIcon;
				CLANG_ENABLE_MODULES = YES;
				INFOPLIST_FILE = AddressBook/Info.plist;
				LD_RUNPATH_SEARCH_PATHS = "$(inherited) @executable_path/Frameworks";
				PRODUCT_BUNDLE_IDENTIFIER = SF.AddressBook;
				PRODUCT_NAME = "$(TARGET_NAME)";
				SWIFT_OBJC_BRIDGING_HEADER = "AddressBook-Bridging-Header.h";
			};
			name = Release;
		};
		14EFC2061C03F9AC003B4578 /* Debug */ = {
			isa = XCBuildConfiguration;
			buildSettings = {
				BUNDLE_LOADER = "$(TEST_HOST)";
				INFOPLIST_FILE = AddressBookTests/Info.plist;
				LD_RUNPATH_SEARCH_PATHS = "$(inherited) @executable_path/Frameworks @loader_path/Frameworks";
				PRODUCT_BUNDLE_IDENTIFIER = SF.AddressBookTests;
				PRODUCT_NAME = "$(TARGET_NAME)";
				TEST_HOST = "$(BUILT_PRODUCTS_DIR)/AddressBook.app/AddressBook";
			};
			name = Debug;
		};
		14EFC2071C03F9AC003B4578 /* Release */ = {
			isa = XCBuildConfiguration;
			buildSettings = {
				BUNDLE_LOADER = "$(TEST_HOST)";
				INFOPLIST_FILE = AddressBookTests/Info.plist;
				LD_RUNPATH_SEARCH_PATHS = "$(inherited) @executable_path/Frameworks @loader_path/Frameworks";
				PRODUCT_BUNDLE_IDENTIFIER = SF.AddressBookTests;
				PRODUCT_NAME = "$(TARGET_NAME)";
				TEST_HOST = "$(BUILT_PRODUCTS_DIR)/AddressBook.app/AddressBook";
			};
			name = Release;
		};
/* End XCBuildConfiguration section */

/* Begin XCConfigurationList section */
		14EFC1DD1C03F9AC003B4578 /* Build configuration list for PBXProject "AddressBook" */ = {
			isa = XCConfigurationList;
			buildConfigurations = (
				14EFC2001C03F9AC003B4578 /* Debug */,
				14EFC2011C03F9AC003B4578 /* Release */,
			);
			defaultConfigurationIsVisible = 0;
			defaultConfigurationName = Release;
		};
		14EFC2021C03F9AC003B4578 /* Build configuration list for PBXNativeTarget "AddressBook" */ = {
			isa = XCConfigurationList;
			buildConfigurations = (
				14EFC2031C03F9AC003B4578 /* Debug */,
				14EFC2041C03F9AC003B4578 /* Release */,
			);
			defaultConfigurationIsVisible = 0;
			defaultConfigurationName = Release;
		};
		14EFC2051C03F9AC003B4578 /* Build configuration list for PBXNativeTarget "AddressBookTests" */ = {
			isa = XCConfigurationList;
			buildConfigurations = (
				14EFC2061C03F9AC003B4578 /* Debug */,
				14EFC2071C03F9AC003B4578 /* Release */,
			);
			defaultConfigurationIsVisible = 0;
			defaultConfigurationName = Release;
		};
/* End XCConfigurationList section */

/* Begin XCVersionGroup section */
		14EFC1EC1C03F9AC003B4578 /* AddressBook.xcdatamodeld */ = {
			isa = XCVersionGroup;
			children = (
				14EFC1ED1C03F9AC003B4578 /* AddressBook.xcdatamodel */,
			);
			currentVersion = 14EFC1ED1C03F9AC003B4578 /* AddressBook.xcdatamodel */;
			path = AddressBook.xcdatamodeld;
			sourceTree = "<group>";
			versionGroupType = wrapper.xcdatamodel;
		};
/* End XCVersionGroup section */
	};
	rootObject = 14EFC1DA1C03F9AC003B4578 /* Project object */;
}
